
Microsoft Visual Studio Solution File, Format Version 12.00
# Visual Studio 15
VisualStudioVersion = 15.0.27130.2027
MinimumVisualStudioVersion = 10.0.40219.1
Project("{FAE04EC0-301F-11D3-BF4B-00C04F79EFBC}") = "CSYT", "CSYT\CSYT.csproj", "{28C1DBA5-204F-4DBD-8374-B7FA6537D104}"
EndProject
Project("{2150E333-8FDC-42A3-9474-1A3956D46DE8}") = "Solution Items", "Solution Items", "{52718A53-DD2A-435E-9579-2B1EE5CA7E18}"
	ProjectSection(SolutionItems) = preProject
		NOTICES.txt = NOTICES.txt
	EndProjectSection
EndProject
Project("{930C7802-8A8C-48F9-8165-68863BCCD9DD}") = "CSYT.Setup", "CSYT.Setup\CSYT.Setup.wixproj", "{75270705-C572-41D8-A88E-1398BE06132C}"
EndProject
Global
	GlobalSection(SolutionConfigurationPlatforms) = preSolution
		Debug|x64 = Debug|x64
		Debug|x86 = Debug|x86
		Release|x64 = Release|x64
		Release|x86 = Release|x86
	EndGlobalSection
	GlobalSection(ProjectConfigurationPlatforms) = postSolution
		{28C1DBA5-204F-4DBD-8374-B7FA6537D104}.Debug|x64.ActiveCfg = Debug|x64
		{28C1DBA5-204F-4DBD-8374-B7FA6537D104}.Debug|x64.Build.0 = Debug|x64
		{28C1DBA5-204F-4DBD-8374-B7FA6537D104}.Debug|x86.ActiveCfg = Debug|x86
		{28C1DBA5-204F-4DBD-8374-B7FA6537D104}.Debug|x86.Build.0 = Debug|x86
		{28C1DBA5-204F-4DBD-8374-B7FA6537D104}.Release|x64.ActiveCfg = Release|x64
		{28C1DBA5-204F-4DBD-8374-B7FA6537D104}.Release|x64.Build.0 = Release|x64
		{28C1DBA5-204F-4DBD-8374-B7FA6537D104}.Release|x86.ActiveCfg = Debug|x86
		{28C1DBA5-204F-4DBD-8374-B7FA6537D104}.Release|x86.Build.0 = Debug|x86
		{75270705-C572-41D8-A88E-1398BE06132C}.Debug|x64.ActiveCfg = Debug|x86
		{75270705-C572-41D8-A88E-1398BE06132C}.Debug|x86.ActiveCfg = Debug|x86
		{75270705-C572-41D8-A88E-1398BE06132C}.Debug|x86.Build.0 = Debug|x86
		{75270705-C572-41D8-A88E-1398BE06132C}.Release|x64.ActiveCfg = Release|x86
		{75270705-C572-41D8-A88E-1398BE06132C}.Release|x86.ActiveCfg = Debug|x86
		{75270705-C572-41D8-A88E-1398BE06132C}.Release|x86.Build.0 = Debug|x86
	EndGlobalSection
	GlobalSection(SolutionProperties) = preSolution
		HideSolutionNode = FALSE
	EndGlobalSection
	GlobalSection(ExtensibilityGlobals) = postSolution
		SolutionGuid = {A0CDD522-B42E-446B-82BB-F9D73208BE3D}
	EndGlobalSection
EndGlobal
